
Microsoft Visual Studio Solution File, Format Version 12.00
# Visual Studio Version 17
VisualStudioVersion = 17.11.35312.102
MinimumVisualStudioVersion = 10.0.40219.1
Project("{9A19103F-16F7-4668-BE54-9A1E7A4F7556}") = "Proyecto-Ejemplo-Herencia", "Proyecto-Ejemplo-Herencia\Proyecto-Ejemplo-Herencia.csproj", "{C89123BD-157C-433F-8120-CBAB7FF55149}"
EndProject
Project("{9A19103F-16F7-4668-BE54-9A1E7A4F7556}") = "Clases-Animales", "Clases-Animales\Clases-Animales.csproj", "{A2739A08-292D-4ED3-9088-BDB1CDADFE70}"
EndProject
Project("{FAE04EC0-301F-11D3-BF4B-00C04F79EFBC}") = "ClasesEmpleados", "ClasesEmpleados\ClasesEmpleados.csproj", "{0B1C5261-61BF-4459-BB45-3834D42D6417}"
EndProject
Project("{FAE04EC0-301F-11D3-BF4B-00C04F79EFBC}") = "ClasesLibros", "ClasesLibros\ClasesLibros.csproj", "{BAF88CBD-327F-42DC-A62D-32792729C7BF}"
EndProject
Global
	GlobalSection(SolutionConfigurationPlatforms) = preSolution
		Debug|Any CPU = Debug|Any CPU
		Release|Any CPU = Release|Any CPU
	EndGlobalSection
	GlobalSection(ProjectConfigurationPlatforms) = postSolution
		{C89123BD-157C-433F-8120-CBAB7FF55149}.Debug|Any CPU.ActiveCfg = Debug|Any CPU
		{C89123BD-157C-433F-8120-CBAB7FF55149}.Debug|Any CPU.Build.0 = Debug|Any CPU
		{C89123BD-157C-433F-8120-CBAB7FF55149}.Release|Any CPU.ActiveCfg = Release|Any CPU
		{C89123BD-157C-433F-8120-CBAB7FF55149}.Release|Any CPU.Build.0 = Release|Any CPU
		{A2739A08-292D-4ED3-9088-BDB1CDADFE70}.Debug|Any CPU.ActiveCfg = Debug|Any CPU
		{A2739A08-292D-4ED3-9088-BDB1CDADFE70}.Debug|Any CPU.Build.0 = Debug|Any CPU
		{A2739A08-292D-4ED3-9088-BDB1CDADFE70}.Release|Any CPU.ActiveCfg = Release|Any CPU
		{A2739A08-292D-4ED3-9088-BDB1CDADFE70}.Release|Any CPU.Build.0 = Release|Any CPU
		{0B1C5261-61BF-4459-BB45-3834D42D6417}.Debug|Any CPU.ActiveCfg = Debug|Any CPU
		{0B1C5261-61BF-4459-BB45-3834D42D6417}.Debug|Any CPU.Build.0 = Debug|Any CPU
		{0B1C5261-61BF-4459-BB45-3834D42D6417}.Release|Any CPU.ActiveCfg = Release|Any CPU
		{0B1C5261-61BF-4459-BB45-3834D42D6417}.Release|Any CPU.Build.0 = Release|Any CPU
		{BAF88CBD-327F-42DC-A62D-32792729C7BF}.Debug|Any CPU.ActiveCfg = Debug|Any CPU
		{BAF88CBD-327F-42DC-A62D-32792729C7BF}.Debug|Any CPU.Build.0 = Debug|Any CPU
		{BAF88CBD-327F-42DC-A62D-32792729C7BF}.Release|Any CPU.ActiveCfg = Release|Any CPU
		{BAF88CBD-327F-42DC-A62D-32792729C7BF}.Release|Any CPU.Build.0 = Release|Any CPU
	EndGlobalSection
	GlobalSection(SolutionProperties) = preSolution
		HideSolutionNode = FALSE
	EndGlobalSection
	GlobalSection(ExtensibilityGlobals) = postSolution
		SolutionGuid = {974EA335-D5E0-4BC0-8988-77957D770470}
	EndGlobalSection
EndGlobal
