
Microsoft Visual Studio Solution File, Format Version 12.00
# Visual Studio Version 17
VisualStudioVersion = 17.11.35312.102
MinimumVisualStudioVersion = 10.0.40219.1
Project("{FAE04EC0-301F-11D3-BF4B-00C04F79EFBC}") = "Proyecto-Mayor-de-Edad", "Proyecto-Mayor-de-Edad\Proyecto-Mayor-de-Edad.csproj", "{7CC66A92-B50D-4640-9D3C-21FDB6069228}"
EndProject
Global
	GlobalSection(SolutionConfigurationPlatforms) = preSolution
		Debug|Any CPU = Debug|Any CPU
		Release|Any CPU = Release|Any CPU
	EndGlobalSection
	GlobalSection(ProjectConfigurationPlatforms) = postSolution
		{7CC66A92-B50D-4640-9D3C-21FDB6069228}.Debug|Any CPU.ActiveCfg = Debug|Any CPU
		{7CC66A92-B50D-4640-9D3C-21FDB6069228}.Debug|Any CPU.Build.0 = Debug|Any CPU
		{7CC66A92-B50D-4640-9D3C-21FDB6069228}.Release|Any CPU.ActiveCfg = Release|Any CPU
		{7CC66A92-B50D-4640-9D3C-21FDB6069228}.Release|Any CPU.Build.0 = Release|Any CPU
	EndGlobalSection
	GlobalSection(SolutionProperties) = preSolution
		HideSolutionNode = FALSE
	EndGlobalSection
	GlobalSection(ExtensibilityGlobals) = postSolution
		SolutionGuid = {CDFC000D-A578-4998-914D-84364A092CE2}
	EndGlobalSection
EndGlobal
